
Microsoft Visual Studio Solution File, Format Version 12.00
# Visual Studio Version 16
VisualStudioVersion = 16.0.29215.179
MinimumVisualStudioVersion = 10.0.40219.1
Project("{FAE04EC0-301F-11D3-BF4B-00C04F79EFBC}") = "ContosoUniversity", "ContosoUniversity.csproj", "{A09A2AE6-D56A-4F5A-BA15-E1D10C71D4E3}"
EndProject
Global
	GlobalSection(SolutionConfigurationPlatforms) = preSolution
		Debug|Any CPU = Debug|Any CPU
		Release|Any CPU = Release|Any CPU
	EndGlobalSection
	GlobalSection(ProjectConfigurationPlatforms) = postSolution
		{A09A2AE6-D56A-4F5A-BA15-E1D10C71D4E3}.Debug|Any CPU.ActiveCfg = Debug|Any CPU
		{A09A2AE6-D56A-4F5A-BA15-E1D10C71D4E3}.Debug|Any CPU.Build.0 = Debug|Any CPU
		{A09A2AE6-D56A-4F5A-BA15-E1D10C71D4E3}.Release|Any CPU.ActiveCfg = Release|Any CPU
		{A09A2AE6-D56A-4F5A-BA15-E1D10C71D4E3}.Release|Any CPU.Build.0 = Release|Any CPU
	EndGlobalSection
	GlobalSection(SolutionProperties) = preSolution
		HideSolutionNode = FALSE
	EndGlobalSection
	GlobalSection(ExtensibilityGlobals) = postSolution
		SolutionGuid = {51EF173D-B9B7-43D2-B238-9A0382FC5B3D}
	EndGlobalSection
EndGlobal
